{
    "_readme": [
        "This file locks the dependencies of your project to a known state",
        "Read more about it at https://getcomposer.org/doc/01-basic-usage.md#installing-dependencies",
        "This file is @generated automatically"
    ],
    "content-hash": "e05f3eb112c12cf94d395d4aa058befe",
    "packages": [
        {
            "name": "lightsource/bem-blocks",
            "version": "2.2.4",
            "source": {
                "type": "git",
                "url": "https://github.com/light-source/bem-blocks.git",
                "reference": "adbd84a27907c93809e8a83c3af938eb11dc4aa1"
            },
            "dist": {
                "type": "zip",
                "url": "https://api.github.com/repos/light-source/bem-blocks/zipball/adbd84a27907c93809e8a83c3af938eb11dc4aa1",
                "reference": "adbd84a27907c93809e8a83c3af938eb11dc4aa1",
                "shasum": ""
            },
            "require": {
                "ext-mbstring": "*",
                "php": "^7.4",
                "twig/twig": "^3.0"
            },
            "type": "library",
            "autoload": {
                "psr-4": {
                    "LightSource\\BemBlocks\\": "Classes"
                }
            },
            "notification-url": "https://packagist.org/downloads/",
            "license": [
                "GPL-2.0-only"
            ],
            "description": "Helps create a structure for using BEM blocks.",
            "support": {
                "issues": "https://github.com/light-source/bem-blocks/issues",
                "source": "https://github.com/light-source/bem-blocks/tree/2.2.4"
            },
            "time": "2021-02-04T11:04:32+00:00"
        },
        {
            "name": "lightsource/data-types",
            "version": "2.0.1",
            "source": {
                "type": "git",
                "url": "https://github.com/light-source/data-types.git",
                "reference": "fe94b038ad349488a11c7a937bf4e19ba3ab6929"
            },
            "dist": {
                "type": "zip",
                "url": "https://api.github.com/repos/light-source/data-types/zipball/fe94b038ad349488a11c7a937bf4e19ba3ab6929",
                "reference": "fe94b038ad349488a11c7a937bf4e19ba3ab6929",
                "shasum": ""
            },
            "require": {
                "ext-mbstring": "*",
                "lightsource/std-response": "^2.0"
            },
            "type": "library",
            "autoload": {
                "psr-4": {
                    "LightSource\\DataTypes\\": ""
                }
            },
            "notification-url": "https://packagist.org/downloads/",
            "license": [
                "GPL-2.0-only"
            ],
            "description": "Class for complex data cleaning depending on a type",
            "support": {
                "issues": "https://github.com/light-source/data-types/issues",
                "source": "https://github.com/light-source/data-types/tree/2.0.1"
            },
            "time": "2020-11-07T08:23:49+00:00"
        },
        {
            "name": "lightsource/date-time",
            "version": "2.0.3",
            "source": {
                "type": "git",
                "url": "https://github.com/light-source/date-time.git",
                "reference": "7cc081d2fd45acbc9bff4702884c9c0f9533e255"
            },
            "dist": {
                "type": "zip",
                "url": "https://api.github.com/repos/light-source/date-time/zipball/7cc081d2fd45acbc9bff4702884c9c0f9533e255",
                "reference": "7cc081d2fd45acbc9bff4702884c9c0f9533e255",
                "shasum": ""
            },
            "type": "library",
            "autoload": {
                "psr-4": {
                    "LightSource\\DateTime\\": ""
                }
            },
            "notification-url": "https://packagist.org/downloads/",
            "license": [
                "GPL-2.0-only"
            ],
            "description": "Helper for working with a standard DateTime class, provide functions like adding DateInterval, etc..",
            "support": {
                "issues": "https://github.com/light-source/date-time/issues",
                "source": "https://github.com/light-source/date-time/tree/2.0.3"
            },
            "time": "2020-11-07T08:48:45+00:00"
        },
        {
            "name": "lightsource/log",
            "version": "1.0.4",
            "source": {
                "type": "git",
                "url": "https://github.com/light-source/log.git",
                "reference": "fc5a19fae8a314a96ed1a8e121a356074b811cde"
            },
            "dist": {
                "type": "zip",
                "url": "https://api.github.com/repos/light-source/log/zipball/fc5a19fae8a314a96ed1a8e121a356074b811cde",
                "reference": "fc5a19fae8a314a96ed1a8e121a356074b811cde",
                "shasum": ""
            },
            "require": {
                "lightsource/date-time": "^2.0",
                "php": ">7.0"
            },
            "type": "library",
            "autoload": {
                "psr-4": {
                    "LightSource\\Log\\": ""
                }
            },
            "notification-url": "https://packagist.org/downloads/",
            "license": [
                "GPL-2.0-only"
            ],
            "description": "Class for logging with multiple levels and support multi-thread working",
            "support": {
                "issues": "https://github.com/light-source/log/issues",
                "source": "https://github.com/light-source/log/tree/1.0.4"
            },
            "time": "2020-11-07T08:49:50+00:00"
        },
        {
            "name": "lightsource/std-response",
            "version": "2.0.2",
            "source": {
                "type": "git",
                "url": "https://github.com/light-source/std-response.git",
                "reference": "436a87cbd2f20e5a21711425d970a7042ff21939"
            },
            "dist": {
                "type": "zip",
                "url": "https://api.github.com/repos/light-source/std-response/zipball/436a87cbd2f20e5a21711425d970a7042ff21939",
                "reference": "436a87cbd2f20e5a21711425d970a7042ff21939",
                "shasum": ""
            },
            "type": "library",
            "autoload": {
                "psr-4": {
                    "LightSource\\StdResponse\\": ""
                }
            },
            "notification-url": "https://packagist.org/downloads/",
            "license": [
                "GPL-2.0-only"
            ],
            "description": "Standardization for a function / method response with multiple arguments",
            "support": {
                "issues": "https://github.com/light-source/std-response/issues",
                "source": "https://github.com/light-source/std-response/tree/2.0.2"
            },
            "time": "2020-11-07T08:51:49+00:00"
        },
        {
            "name": "symfony/polyfill-ctype",
            "version": "v1.22.1",
            "source": {
                "type": "git",
                "url": "https://github.com/symfony/polyfill-ctype.git",
                "reference": "c6c942b1ac76c82448322025e084cadc56048b4e"
            },
            "dist": {
                "type": "zip",
                "url": "https://api.github.com/repos/symfony/polyfill-ctype/zipball/c6c942b1ac76c82448322025e084cadc56048b4e",
                "reference": "c6c942b1ac76c82448322025e084cadc56048b4e",
                "shasum": ""
            },
            "require": {
                "php": ">=7.1"
            },
            "suggest": {
                "ext-ctype": "For best performance"
            },
            "type": "library",
            "extra": {
                "branch-alias": {
                    "dev-main": "1.22-dev"
                },
                "thanks": {
                    "name": "symfony/polyfill",
                    "url": "https://github.com/symfony/polyfill"
                }
            },
            "autoload": {
                "psr-4": {
                    "Symfony\\Polyfill\\Ctype\\": ""
                },
                "files": [
                    "bootstrap.php"
                ]
            },
            "notification-url": "https://packagist.org/downloads/",
            "license": [
                "MIT"
            ],
            "authors": [
                {
                    "name": "Gert de Pagter",
                    "email": "BackEndTea@gmail.com"
                },
                {
                    "name": "Symfony Community",
                    "homepage": "https://symfony.com/contributors"
                }
            ],
            "description": "Symfony polyfill for ctype functions",
            "homepage": "https://symfony.com",
            "keywords": [
                "compatibility",
                "ctype",
                "polyfill",
                "portable"
            ],
            "support": {
                "source": "https://github.com/symfony/polyfill-ctype/tree/v1.22.1"
            },
            "funding": [
                {
                    "url": "https://symfony.com/sponsor",
                    "type": "custom"
                },
                {
                    "url": "https://github.com/fabpot",
                    "type": "github"
                },
                {
                    "url": "https://tidelift.com/funding/github/packagist/symfony/symfony",
                    "type": "tidelift"
                }
            ],
            "time": "2021-01-07T16:49:33+00:00"
        },
        {
            "name": "symfony/polyfill-mbstring",
            "version": "v1.22.1",
            "source": {
                "type": "git",
                "url": "https://github.com/symfony/polyfill-mbstring.git",
                "reference": "5232de97ee3b75b0360528dae24e73db49566ab1"
            },
            "dist": {
                "type": "zip",
                "url": "https://api.github.com/repos/symfony/polyfill-mbstring/zipball/5232de97ee3b75b0360528dae24e73db49566ab1",
                "reference": "5232de97ee3b75b0360528dae24e73db49566ab1",
                "shasum": ""
            },
            "require": {
                "php": ">=7.1"
            },
            "suggest": {
                "ext-mbstring": "For best performance"
            },
            "type": "library",
            "extra": {
                "branch-alias": {
                    "dev-main": "1.22-dev"
                },
                "thanks": {
                    "name": "symfony/polyfill",
                    "url": "https://github.com/symfony/polyfill"
                }
            },
            "autoload": {
                "psr-4": {
                    "Symfony\\Polyfill\\Mbstring\\": ""
                },
                "files": [
                    "bootstrap.php"
                ]
            },
            "notification-url": "https://packagist.org/downloads/",
            "license": [
                "MIT"
            ],
            "authors": [
                {
                    "name": "Nicolas Grekas",
                    "email": "p@tchwork.com"
                },
                {
                    "name": "Symfony Community",
                    "homepage": "https://symfony.com/contributors"
                }
            ],
            "description": "Symfony polyfill for the Mbstring extension",
            "homepage": "https://symfony.com",
            "keywords": [
                "compatibility",
                "mbstring",
                "polyfill",
                "portable",
                "shim"
            ],
            "support": {
                "source": "https://github.com/symfony/polyfill-mbstring/tree/v1.22.1"
            },
            "funding": [
                {
                    "url": "https://symfony.com/sponsor",
                    "type": "custom"
                },
                {
                    "url": "https://github.com/fabpot",
                    "type": "github"
                },
                {
                    "url": "https://tidelift.com/funding/github/packagist/symfony/symfony",
                    "type": "tidelift"
                }
            ],
            "time": "2021-01-22T09:19:47+00:00"
        },
        {
            "name": "twig/twig",
            "version": "v3.1.1",
            "source": {
                "type": "git",
                "url": "https://github.com/twigphp/Twig.git",
                "reference": "b02fa41f3783a2616eccef7b92fbc2343ffed737"
            },
            "dist": {
                "type": "zip",
                "url": "https://api.github.com/repos/twigphp/Twig/zipball/b02fa41f3783a2616eccef7b92fbc2343ffed737",
                "reference": "b02fa41f3783a2616eccef7b92fbc2343ffed737",
                "shasum": ""
            },
            "require": {
                "php": ">=7.2.5",
                "symfony/polyfill-ctype": "^1.8",
                "symfony/polyfill-mbstring": "^1.3"
            },
            "require-dev": {
                "psr/container": "^1.0",
                "symfony/phpunit-bridge": "^4.4.9|^5.0.9"
            },
            "type": "library",
            "extra": {
                "branch-alias": {
                    "dev-master": "3.1-dev"
                }
            },
            "autoload": {
                "psr-4": {
                    "Twig\\": "src/"
                }
            },
            "notification-url": "https://packagist.org/downloads/",
            "license": [
                "BSD-3-Clause"
            ],
            "authors": [
                {
                    "name": "Fabien Potencier",
                    "email": "fabien@symfony.com",
                    "homepage": "http://fabien.potencier.org",
                    "role": "Lead Developer"
                },
                {
                    "name": "Twig Team",
                    "role": "Contributors"
                },
                {
                    "name": "Armin Ronacher",
                    "email": "armin.ronacher@active-4.com",
                    "role": "Project Founder"
                }
            ],
            "description": "Twig, the flexible, fast, and secure template language for PHP",
            "homepage": "https://twig.symfony.com",
            "keywords": [
                "templating"
            ],
            "support": {
                "issues": "https://github.com/twigphp/Twig/issues",
                "source": "https://github.com/twigphp/Twig/tree/v3.1.1"
            },
            "funding": [
                {
                    "url": "https://github.com/fabpot",
                    "type": "github"
                },
                {
                    "url": "https://tidelift.com/funding/github/packagist/twig/twig",
                    "type": "tidelift"
                }
            ],
            "time": "2020-10-27T19:28:23+00:00"
        }
    ],
    "packages-dev": [],
    "aliases": [],
    "minimum-stability": "stable",
    "stability-flags": [],
    "prefer-stable": false,
    "prefer-lowest": false,
    "platform": {
        "php": "^7.4",
        "ext-json": "*"
    },
    "platform-dev": [],
    "plugin-api-version": "2.0.0"
}
